# THIS IS AN AUTOGENERATED FILE. DO NOT EDIT THIS FILE DIRECTLY.
# yarn lockfile v1


"@twilio/sip.js@^0.7.7":
  version "0.7.7"
  resolved "https://registry.yarnpkg.com/@twilio/sip.js/-/sip.js-0.7.7.tgz#cff50f66f9b295d46f219737b72780c7d0e6df52"

"@twilio/webrtc@^2.0.0":
  version "2.0.0"
  resolved "https://registry.yarnpkg.com/@twilio/webrtc/-/webrtc-2.0.0.tgz#ae96446b2e9e2932bb3838d5ccb7dba4752bc158"

async-limiter@~1.0.0:
  version "1.0.0"
  resolved "https://registry.yarnpkg.com/async-limiter/-/async-limiter-1.0.0.tgz#78faed8c3d074ab81f22b4e985d79e8738f720f8"

jquery@^3.3.1:
  version "3.3.1"
  resolved "https://registry.yarnpkg.com/jquery/-/jquery-3.3.1.tgz#958ce29e81c9790f31be7792df5d4d95fc57fbca"

safe-buffer@~5.1.0:
  version "5.1.1"
  resolved "https://registry.yarnpkg.com/safe-buffer/-/safe-buffer-5.1.1.tgz#893312af69b2123def71f57889001671eeb2c853"

twilio-video@^1.8.0:
  version "1.8.0"
  resolved "https://registry.yarnpkg.com/twilio-video/-/twilio-video-1.8.0.tgz#d9136295689bc5d01ab6e9ea5de599bbaaf534e2"
  dependencies:
    "@twilio/sip.js" "^0.7.7"
    "@twilio/webrtc" "^2.0.0"
    ws "^3.3.1"
    xmlhttprequest "^1.8.0"

ultron@~1.1.0:
  version "1.1.1"
  resolved "https://registry.yarnpkg.com/ultron/-/ultron-1.1.1.tgz#9fe1536a10a664a65266a1e3ccf85fd36302bc9c"

ws@^3.3.1:
  version "3.3.3"
  resolved "https://registry.yarnpkg.com/ws/-/ws-3.3.3.tgz#f1cf84fe2d5e901ebce94efaece785f187a228f2"
  dependencies:
    async-limiter "~1.0.0"
    safe-buffer "~5.1.0"
    ultron "~1.1.0"

xmlhttprequest@^1.8.0:
  version "1.8.0"
  resolved "https://registry.yarnpkg.com/xmlhttprequest/-/xmlhttprequest-1.8.0.tgz#67fe075c5c24fef39f9d65f5f7b7fe75171968fc"
